<?xml version="1.0" encoding="utf-8"?>
<Project ToolsVersion="4.0" xmlns="http://schemas.microsoft.com/developer/msbuild/2003">
  <ItemGroup>
    <Filter Include="HeatStroke">
      <UniqueIdentifier>{c966bde0-7a33-461a-bd46-a2011951d788}</UniqueIdentifier>
    </Filter>
    <Filter Include="HeatStroke\Geometry">
      <UniqueIdentifier>{c075e54f-d4e6-42ee-9a76-4eca00a0ed4f}</UniqueIdentifier>
    </Filter>
    <Filter Include="HeatStroke\GO/Components">
      <UniqueIdentifier>{308ffc17-3799-4944-8a78-a43f3a47eddc}</UniqueIdentifier>
    </Filter>
    <Filter Include="HeatStroke\GO/Components\Components">
      <UniqueIdentifier>{e5c8cfce-e1f3-45e1-8471-aaffecf9d8c7}</UniqueIdentifier>
    </Filter>
    <Filter Include="HeatStroke\SceneManagement">
      <UniqueIdentifier>{c8b5eaa6-5a4c-4a6c-943e-bcb3e08c29e3}</UniqueIdentifier>
    </Filter>
    <Filter Include="HeatStroke\Services">
      <UniqueIdentifier>{6f63a614-bfba-4dad-b2f5-43b7821f2ae6}</UniqueIdentifier>
    </Filter>
    <Filter Include="HeatStroke\StateMachine">
      <UniqueIdentifier>{7b34569a-b3ad-44f3-916d-254724a43579}</UniqueIdentifier>
    </Filter>
    <Filter Include="HeatStroke\Transform">
      <UniqueIdentifier>{ecd22dad-ac38-4c1c-8153-620f527add02}</UniqueIdentifier>
    </Filter>
    <Filter Include="HeatStroke\Graphics">
      <UniqueIdentifier>{90accb89-d15a-4aa0-8099-7c2d253af616}</UniqueIdentifier>
    </Filter>
    <Filter Include="HeatStroke\Graphics\Buffer">
      <UniqueIdentifier>{c2034764-8f08-4e5c-8a67-623ea5fbf610}</UniqueIdentifier>
    </Filter>
    <Filter Include="HeatStroke\Graphics\Material">
      <UniqueIdentifier>{58408013-e966-4fe3-ab03-700dadbe292a}</UniqueIdentifier>
    </Filter>
    <Filter Include="HeatStroke\Graphics\Program">
      <UniqueIdentifier>{87bd854d-94b7-4996-a9b9-a9afcb69c205}</UniqueIdentifier>
    </Filter>
    <Filter Include="HeatStroke\Graphics\Renderable">
      <UniqueIdentifier>{e58524fb-efb3-40d5-8750-721fdaef031d}</UniqueIdentifier>
    </Filter>
    <Filter Include="HeatStroke\Graphics\Texture">
      <UniqueIdentifier>{fa26569a-9192-4547-8a8b-dfc184e0ef78}</UniqueIdentifier>
    </Filter>
    <Filter Include="Kartaclysm">
      <UniqueIdentifier>{674c720f-037a-4417-8c3d-bf4b00658178}</UniqueIdentifier>
    </Filter>
    <Filter Include="Kartaclysm\Components">
      <UniqueIdentifier>{d3f1599e-1dbe-4d9c-ab43-d5be98ab56ce}</UniqueIdentifier>
    </Filter>
    <Filter Include="HeatStroke\Services\Events">
      <UniqueIdentifier>{c227580e-2028-4d8f-a5f9-578cbf3e1554}</UniqueIdentifier>
    </Filter>
    <Filter Include="HeatStroke\Services\IO">
      <UniqueIdentifier>{5e15064d-71a0-42fb-82e7-8679059a3c2a}</UniqueIdentifier>
    </Filter>
    <Filter Include="HeatStroke\Services\XML">
      <UniqueIdentifier>{26407e5d-050f-41c7-a602-4becc55b4270}</UniqueIdentifier>
    </Filter>
    <Filter Include="HeatStroke\Common">
      <UniqueIdentifier>{e11c3e35-77b7-4cde-9bf5-4c4984cb2bee}</UniqueIdentifier>
    </Filter>
    <Filter Include="Kartaclysm\Data">
      <UniqueIdentifier>{d0092d9f-cd87-4aea-9857-bb41fb0689c5}</UniqueIdentifier>
    </Filter>
    <Filter Include="HeatStroke\Services\OBJ">
      <UniqueIdentifier>{bb51c5f1-cadb-441f-a497-a37473fc604c}</UniqueIdentifier>
    </Filter>
    <Filter Include="HeatStroke\Services\MTL">
      <UniqueIdentifier>{710270de-b3d4-4ab5-b57e-e9771cf81f9e}</UniqueIdentifier>
    </Filter>
    <Filter Include="HeatStroke\Graphics\GDebug">
      <UniqueIdentifier>{2c5b1998-510b-4154-bee1-e907c671be12}</UniqueIdentifier>
    </Filter>
    <Filter Include="Kartaclysm\StateMachine">
      <UniqueIdentifier>{cd1c30ac-a893-447c-95a9-07196de33662}</UniqueIdentifier>
    </Filter>
    <Filter Include="Kartaclysm\StateMachine\Gameplay">
      <UniqueIdentifier>{11fb4673-e684-4054-a1a3-2d8759f10f62}</UniqueIdentifier>
    </Filter>
    <Filter Include="Kartaclysm\Services">
      <UniqueIdentifier>{702a3674-2ddc-4df1-b974-48274a5bfc69}</UniqueIdentifier>
    </Filter>
    <Filter Include="Kartaclysm\Services\IO">
      <UniqueIdentifier>{8b1fb89a-a01f-4cec-b8ff-55e0c25b8b2a}</UniqueIdentifier>
    </Filter>
    <Filter Include="HeatStroke\Services\Collisions">
      <UniqueIdentifier>{43e779e8-a38b-49c5-a357-85f062251a82}</UniqueIdentifier>
    </Filter>
    <Filter Include="HeatStroke\Graphics\Font">
      <UniqueIdentifier>{9550c6d0-5e23-4b57-be80-aa56e6783cd9}</UniqueIdentifier>
    </Filter>
    <Filter Include="Kartaclysm\Components\HUD">
      <UniqueIdentifier>{c34f7bb6-cde5-48f3-99a0-9500ccc534f9}</UniqueIdentifier>
    </Filter>
    <Filter Include="Kartaclysm\Components\Abilities">
      <UniqueIdentifier>{1c3afe35-5875-45e5-84c1-a9e7945a7e14}</UniqueIdentifier>
    </Filter>
    <Filter Include="Kartaclysm\Data\UserConfig">
      <UniqueIdentifier>{57abe8c2-7a1d-46b6-91de-617a0439f7d9}</UniqueIdentifier>
    </Filter>
    <Filter Include="Kartaclysm\Data\Tracks">
      <UniqueIdentifier>{3aa6de3a-9cb0-421a-b5c0-d7235f3e89b2}</UniqueIdentifier>
    </Filter>
    <Filter Include="Kartaclysm\Data\Abilities">
      <UniqueIdentifier>{80180ac7-8558-4a30-a6ed-a21b21e0b204}</UniqueIdentifier>
    </Filter>
    <Filter Include="Kartaclysm\Data\Tracks">
      <UniqueIdentifier>{e40c632c-9332-48bb-8e99-7f64988f019c}</UniqueIdentifier>
    </Filter>
    <Filter Include="Kartaclysm\Data\Racer">
      <UniqueIdentifier>{45c8f60c-f8c3-419d-93df-45a9342544a8}</UniqueIdentifier>
    </Filter>
    <Filter Include="Kartaclysm\Data\Camera">
      <UniqueIdentifier>{14ec630b-5346-4ffc-9a08-bddd7d393716}</UniqueIdentifier>
    </Filter>
    <Filter Include="Kartaclysm\Data\Walls">
      <UniqueIdentifier>{449bde97-5331-4319-8185-e58c161e2fe0}</UniqueIdentifier>
    </Filter>
    <Filter Include="Kartaclysm\Data\Lights">
      <UniqueIdentifier>{52073a6f-9e4c-413b-9c66-41c2e571f01a}</UniqueIdentifier>
    </Filter>
    <Filter Include="HeatStroke\Services\AudioPlayer">
      <UniqueIdentifier>{509651bf-ea9d-4015-b6b5-218c4caa0a29}</UniqueIdentifier>
    </Filter>
    <Filter Include="HeatStroke\Graphics\Model">
      <UniqueIdentifier>{0aef4064-c1e0-4be6-a2cf-3b2bc0632045}</UniqueIdentifier>
    </Filter>
    <Filter Include="HeatStroke\Graphics\Sprite">
      <UniqueIdentifier>{46913456-8025-4217-becf-3eddba798ea3}</UniqueIdentifier>
    </Filter>
    <Filter Include="HeatStroke\Graphics\Mesh">
      <UniqueIdentifier>{03ca4fba-4e13-4865-b220-9007017aafdb}</UniqueIdentifier>
    </Filter>
    <Filter Include="Kartaclysm\Data\DevConfig">
      <UniqueIdentifier>{5fdc9ba4-8bf5-460a-8b84-41ce655e6c6c}</UniqueIdentifier>
    </Filter>
  </ItemGroup>
  <ItemGroup>
    <ClCompile Include="..\..\HeatStroke\Services\IO\KeyboardInputBuffer.cpp">
      <Filter>HeatStroke\Services\IO</Filter>
    </ClCompile>
    <ClCompile Include="..\..\HeatStroke\Services\IO\MouseInputBuffer.cpp">
      <Filter>HeatStroke\Services\IO</Filter>
    </ClCompile>
    <ClCompile Include="..\..\HeatStroke\Common\Game.cpp">
      <Filter>HeatStroke\Common</Filter>
    </ClCompile>
    <ClCompile Include="..\..\HeatStroke\Geometry\AABB.cpp">
      <Filter>HeatStroke\Geometry</Filter>
    </ClCompile>
    <ClCompile Include="..\..\HeatStroke\Geometry\Collisions.cpp">
      <Filter>HeatStroke\Geometry</Filter>
    </ClCompile>
    <ClCompile Include="..\..\HeatStroke\GOComponents\GameObject.cpp">
      <Filter>HeatStroke\GO/Components</Filter>
    </ClCompile>
    <ClCompile Include="..\..\HeatStroke\GOComponents\Components\ComponentPointLight.cpp">
      <Filter>HeatStroke\GO/Components\Components</Filter>
    </ClCompile>
    <ClCompile Include="..\..\HeatStroke\Graphics\Buffer\Buffer.cpp">
      <Filter>HeatStroke\Graphics\Buffer</Filter>
    </ClCompile>
    <ClCompile Include="..\..\HeatStroke\Graphics\Buffer\BufferManager.cpp">
      <Filter>HeatStroke\Graphics\Buffer</Filter>
    </ClCompile>
    <ClCompile Include="..\..\HeatStroke\Graphics\Buffer\IndexBuffer.cpp">
      <Filter>HeatStroke\Graphics\Buffer</Filter>
    </ClCompile>
    <ClCompile Include="..\..\HeatStroke\Graphics\Buffer\VertexBuffer.cpp">
      <Filter>HeatStroke\Graphics\Buffer</Filter>
    </ClCompile>
    <ClCompile Include="..\..\HeatStroke\Graphics\Buffer\VertexDeclaration.cpp">
      <Filter>HeatStroke\Graphics\Buffer</Filter>
    </ClCompile>
    <ClCompile Include="..\..\HeatStroke\Graphics\Material\Material.cpp">
      <Filter>HeatStroke\Graphics\Material</Filter>
    </ClCompile>
    <ClCompile Include="..\..\HeatStroke\Graphics\Material\MaterialManager.cpp">
      <Filter>HeatStroke\Graphics\Material</Filter>
    </ClCompile>
    <ClCompile Include="..\..\HeatStroke\Graphics\Texture\Texture.cpp">
      <Filter>HeatStroke\Graphics\Texture</Filter>
    </ClCompile>
    <ClCompile Include="..\..\HeatStroke\Graphics\Texture\TextureManager.cpp">
      <Filter>HeatStroke\Graphics\Texture</Filter>
    </ClCompile>
    <ClCompile Include="..\..\HeatStroke\Graphics\Program\Program.cpp">
      <Filter>HeatStroke\Graphics\Program</Filter>
    </ClCompile>
    <ClCompile Include="..\..\HeatStroke\Graphics\Program\ProgramManager.cpp">
      <Filter>HeatStroke\Graphics\Program</Filter>
    </ClCompile>
    <ClCompile Include="..\..\HeatStroke\Transform\HierarchicalTransform.cpp">
      <Filter>HeatStroke\Transform</Filter>
    </ClCompile>
    <ClCompile Include="..\..\HeatStroke\Transform\Transform.cpp">
      <Filter>HeatStroke\Transform</Filter>
    </ClCompile>
    <ClCompile Include="..\..\HeatStroke\StateMachine\StateMachine.cpp">
      <Filter>HeatStroke\StateMachine</Filter>
    </ClCompile>
    <ClCompile Include="..\..\HeatStroke\Services\Events\Event.cpp">
      <Filter>HeatStroke\Services\Events</Filter>
    </ClCompile>
    <ClCompile Include="..\..\HeatStroke\Services\Events\EventManager.cpp">
      <Filter>HeatStroke\Services\Events</Filter>
    </ClCompile>
    <ClCompile Include="..\..\HeatStroke\Services\XML\EasyXML.cpp">
      <Filter>HeatStroke\Services\XML</Filter>
    </ClCompile>
    <ClCompile Include="..\..\HeatStroke\SceneManagement\SceneManager.cpp">
      <Filter>HeatStroke\SceneManagement</Filter>
    </ClCompile>
    <ClCompile Include="..\..\HeatStroke\Services\OBJ\OBJFile.cpp">
      <Filter>HeatStroke\Services\OBJ</Filter>
    </ClCompile>
    <ClCompile Include="..\..\HeatStroke\Services\MTL\MTLFile.cpp">
      <Filter>HeatStroke\Services\MTL</Filter>
    </ClCompile>
    <ClCompile Include="..\..\HeatStroke\Graphics\GDebug\LineDrawer.cpp">
      <Filter>HeatStroke\Graphics\GDebug</Filter>
    </ClCompile>
    <ClCompile Include="Kartaclysm\StateMachine\Gameplay\StateRacing.cpp">
      <Filter>Kartaclysm\StateMachine\Gameplay</Filter>
    </ClCompile>
    <ClCompile Include="Kartaclysm\KartGame.cpp">
      <Filter>Kartaclysm</Filter>
    </ClCompile>
    <ClCompile Include="Kartaclysm\main.cpp">
      <Filter>Kartaclysm</Filter>
    </ClCompile>
    <ClCompile Include="..\..\HeatStroke\GOComponents\Components\Component3DModel.cpp">
      <Filter>HeatStroke\GO/Components\Components</Filter>
    </ClCompile>
    <ClCompile Include="..\..\HeatStroke\GOComponents\Components\ComponentAmbientLight.cpp">
      <Filter>HeatStroke\GO/Components\Components</Filter>
    </ClCompile>
    <ClCompile Include="..\..\HeatStroke\GOComponents\Components\ComponentDirectionalLight.cpp">
      <Filter>HeatStroke\GO/Components\Components</Filter>
    </ClCompile>
    <ClCompile Include="Kartaclysm\Components\ComponentKartController.cpp">
      <Filter>Kartaclysm\Components</Filter>
    </ClCompile>
    <ClCompile Include="Kartaclysm\Components\ComponentCameraController.cpp">
      <Filter>Kartaclysm\Components</Filter>
    </ClCompile>
    <ClCompile Include="Kartaclysm\Components\ComponentTrack.cpp">
      <Filter>Kartaclysm\Components</Filter>
    </ClCompile>
    <ClCompile Include="Kartaclysm\Services\IO\InputActionMapping.cpp">
      <Filter>Kartaclysm\Services\IO</Filter>
    </ClCompile>
    <ClCompile Include="Kartaclysm\Services\IO\PlayerInputMapping.cpp">
      <Filter>Kartaclysm\Services\IO</Filter>
    </ClCompile>
    <ClCompile Include="..\..\HeatStroke\Services\IO\JoystickInputBuffer.cpp">
      <Filter>HeatStroke\Services\IO</Filter>
    </ClCompile>
    <ClCompile Include="..\..\HeatStroke\Common\Common.cpp">
      <Filter>HeatStroke\Common</Filter>
    </ClCompile>
    <ClCompile Include="..\..\HeatStroke\GOComponents\Components\ComponentSphereCollider.cpp">
      <Filter>HeatStroke\GO/Components\Components</Filter>
    </ClCompile>
    <ClCompile Include="..\..\HeatStroke\GOComponents\Components\ComponentWallCollider.cpp">
      <Filter>HeatStroke\GO/Components\Components</Filter>
    </ClCompile>
    <ClCompile Include="Kartaclysm\StateMachine\Gameplay\StatePaused.cpp">
      <Filter>Kartaclysm\StateMachine\Gameplay</Filter>
    </ClCompile>
    <ClCompile Include="..\..\HeatStroke\Services\Collisions\CollisionManager.cpp">
      <Filter>HeatStroke\Services\Collisions</Filter>
    </ClCompile>
    <ClCompile Include="..\..\HeatStroke\SceneManagement\ScenePerspectiveCamera.cpp">
      <Filter>HeatStroke\SceneManagement</Filter>
    </ClCompile>
    <ClCompile Include="..\..\HeatStroke\GOComponents\Components\ComponentPerspectiveCamera.cpp">
      <Filter>HeatStroke\GO/Components\Components</Filter>
    </ClCompile>
    <ClCompile Include="..\..\HeatStroke\SceneManagement\SceneCamera.cpp">
      <Filter>HeatStroke\SceneManagement</Filter>
    </ClCompile>
    <ClCompile Include="..\..\HeatStroke\SceneManagement\SceneOrthographicCamera.cpp">
      <Filter>HeatStroke\SceneManagement</Filter>
    </ClCompile>
    <ClCompile Include="..\..\HeatStroke\GOComponents\Components\ComponentSprite.cpp">
      <Filter>HeatStroke\GO/Components\Components</Filter>
    </ClCompile>
    <ClCompile Include="..\..\HeatStroke\GOComponents\Components\ComponentOrthographicCamera.cpp">
      <Filter>HeatStroke\GO/Components\Components</Filter>
    </ClCompile>
    <ClCompile Include="Kartaclysm\Components\Abilities\ComponentAbilityConditions.cpp">
      <Filter>Kartaclysm\Components\Abilities</Filter>
    </ClCompile>
    <ClCompile Include="..\..\HeatStroke\Graphics\Renderable\TextBox.cpp">
      <Filter>HeatStroke\Graphics\Renderable</Filter>
    </ClCompile>
    <ClCompile Include="..\..\HeatStroke\Graphics\Font\Font.cpp">
      <Filter>HeatStroke\Graphics\Font</Filter>
    </ClCompile>
    <ClCompile Include="..\..\HeatStroke\GOComponents\Components\ComponentTextbox.cpp">
      <Filter>HeatStroke\GO/Components\Components</Filter>
    </ClCompile>
    <ClCompile Include="Kartaclysm\Components\HUD\ComponentHudAbility.cpp">
      <Filter>Kartaclysm\Components\HUD</Filter>
    </ClCompile>
    <ClCompile Include="Kartaclysm\Components\HUD\ComponentHudRaceTimer.cpp">
      <Filter>Kartaclysm\Components\HUD</Filter>
    </ClCompile>
    <ClCompile Include="Kartaclysm\Components\HUD\ComponentHudPosition.cpp">
      <Filter>Kartaclysm\Components\HUD</Filter>
    </ClCompile>
    <ClCompile Include="Kartaclysm\Components\HUD\ComponentHudLapCount.cpp">
      <Filter>Kartaclysm\Components\HUD</Filter>
    </ClCompile>
    <ClCompile Include="Kartaclysm\Components\HUD\ComponentHudFps.cpp">
      <Filter>Kartaclysm\Components\HUD</Filter>
    </ClCompile>
    <ClCompile Include="Kartaclysm\Components\HUD\ComponentHudPopup.cpp">
      <Filter>Kartaclysm\Components\HUD</Filter>
    </ClCompile>
    <ClCompile Include="Kartaclysm\Components\ComponentTrackPiece.cpp">
      <Filter>Kartaclysm\Components</Filter>
    </ClCompile>
    <ClCompile Include="Kartaclysm\Components\Abilities\ComponentBoostAbility.cpp">
      <Filter>Kartaclysm\Components\Abilities</Filter>
    </ClCompile>
    <ClCompile Include="Kartaclysm\Components\Abilities\ComponentWheelieAbility.cpp">
      <Filter>Kartaclysm\Components\Abilities</Filter>
    </ClCompile>
    <ClCompile Include="Kartaclysm\Components\Abilities\ComponentArmorPlateAbility.cpp">
      <Filter>Kartaclysm\Components\Abilities</Filter>
    </ClCompile>
    <ClCompile Include="Kartaclysm\Components\Abilities\ComponentMaintainAbility.cpp">
      <Filter>Kartaclysm\Components\Abilities</Filter>
    </ClCompile>
    <ClCompile Include="Kartaclysm\Components\ComponentRacer.cpp">
      <Filter>Kartaclysm\Components</Filter>
    </ClCompile>
    <ClCompile Include="Kartaclysm\Components\Abilities\ComponentAbilityIcon.cpp">
      <Filter>Kartaclysm\Components\Abilities</Filter>
    </ClCompile>
    <ClCompile Include="Kartaclysm\Components\Abilities\ComponentStrikeAbility.cpp">
      <Filter>Kartaclysm\Components\Abilities</Filter>
    </ClCompile>
    <ClCompile Include="Kartaclysm\Components\ComponentProjectile.cpp">
      <Filter>Kartaclysm\Components</Filter>
    </ClCompile>
    <ClCompile Include="Kartaclysm\Components\Abilities\ComponentTurkeyAbility.cpp">
      <Filter>Kartaclysm\Components\Abilities</Filter>
    </ClCompile>
    <ClCompile Include="Kartaclysm\Components\ComponentSimplePhysics.cpp">
      <Filter>Kartaclysm\Components</Filter>
    </ClCompile>
    <ClCompile Include="Kartaclysm\Components\ComponentSelfDestruct.cpp">
      <Filter>Kartaclysm\Components</Filter>
    </ClCompile>
    <ClCompile Include="Kartaclysm\StateMachine\Gameplay\StateMainMenu.cpp">
      <Filter>Kartaclysm\StateMachine\Gameplay</Filter>
    </ClCompile>
    <ClCompile Include="Kartaclysm\StateMachine\Gameplay\StatePlayerSelectionMenu.cpp">
      <Filter>Kartaclysm\StateMachine\Gameplay</Filter>
    </ClCompile>
    <ClCompile Include="Kartaclysm\StateMachine\Gameplay\StateTrackSelectionMenu.cpp">
      <Filter>Kartaclysm\StateMachine\Gameplay</Filter>
    </ClCompile>
    <ClCompile Include="Kartaclysm\StateMachine\Gameplay\StateRaceCompleteMenu.cpp">
      <Filter>Kartaclysm\StateMachine\Gameplay</Filter>
    </ClCompile>
    <ClCompile Include="..\..\HeatStroke\Graphics\Renderable\ModelInstance.cpp">
      <Filter>HeatStroke\Graphics\Renderable</Filter>
    </ClCompile>
    <ClCompile Include="..\..\HeatStroke\Graphics\Model\Model.cpp">
      <Filter>HeatStroke\Graphics\Model</Filter>
    </ClCompile>
    <ClCompile Include="..\..\HeatStroke\Graphics\Model\ModelManager.cpp">
      <Filter>HeatStroke\Graphics\Model</Filter>
    </ClCompile>
    <ClCompile Include="..\..\HeatStroke\Graphics\Font\FontManager.cpp">
      <Filter>HeatStroke\Graphics\Font</Filter>
    </ClCompile>
    <ClCompile Include="..\..\HeatStroke\Graphics\Sprite\Sprite.cpp">
      <Filter>HeatStroke\Graphics\Sprite</Filter>
    </ClCompile>
    <ClCompile Include="..\..\HeatStroke\Graphics\Sprite\SpriteManager.cpp">
      <Filter>HeatStroke\Graphics\Sprite</Filter>
    </ClCompile>
    <ClCompile Include="..\..\HeatStroke\Graphics\Renderable\SpriteInstance.cpp">
      <Filter>HeatStroke\Graphics\Renderable</Filter>
    </ClCompile>
    <ClCompile Include="..\..\HeatStroke\GOComponents\GameObjectManager.cpp">
      <Filter>HeatStroke\GO/Components</Filter>
    </ClCompile>
    <ClCompile Include="Kartaclysm\Components\Abilities\ComponentBedazzleAbility.cpp">
      <Filter>Kartaclysm\Components\Abilities</Filter>
    </ClCompile>
    <ClCompile Include="Kartaclysm\Components\Abilities\ComponentRainAbility.cpp">
      <Filter>Kartaclysm\Components\Abilities</Filter>
    </ClCompile>
    <ClCompile Include="Kartaclysm\Components\Abilities\ComponentClockAbility.cpp">
      <Filter>Kartaclysm\Components\Abilities</Filter>
    </ClCompile>
    <ClCompile Include="Kartaclysm\Components\Abilities\ComponentTinkerAbility.cpp">
      <Filter>Kartaclysm\Components\Abilities</Filter>
    </ClCompile>
    <ClCompile Include="..\..\HeatStroke\AudioPlayer\AudioPlayer.cpp">
      <Filter>HeatStroke\Services\AudioPlayer</Filter>
    </ClCompile>
    <ClCompile Include="Kartaclysm\StateMachine\Gameplay\StateCountdown.cpp">
      <Filter>Kartaclysm\StateMachine\Gameplay</Filter>
    </ClCompile>
    <ClCompile Include="Kartaclysm\Components\HUD\ComponentHudCountdown.cpp">
      <Filter>Kartaclysm\Components\HUD</Filter>
    </ClCompile>
  </ItemGroup>
  <ItemGroup>
    <ClInclude Include="..\..\HeatStroke\Services\IO\KeyboardInputBuffer.h">
      <Filter>HeatStroke\Services\IO</Filter>
    </ClInclude>
    <ClInclude Include="..\..\HeatStroke\Services\IO\MouseInputBuffer.h">
      <Filter>HeatStroke\Services\IO</Filter>
    </ClInclude>
    <ClInclude Include="..\..\HeatStroke\Common\Game.h">
      <Filter>HeatStroke\Common</Filter>
    </ClInclude>
    <ClInclude Include="..\..\HeatStroke\Geometry\AABB.h">
      <Filter>HeatStroke\Geometry</Filter>
    </ClInclude>
    <ClInclude Include="..\..\HeatStroke\Geometry\Collidable.h">
      <Filter>HeatStroke\Geometry</Filter>
    </ClInclude>
    <ClInclude Include="..\..\HeatStroke\Geometry\Collisions.h">
      <Filter>HeatStroke\Geometry</Filter>
    </ClInclude>
    <ClInclude Include="..\..\HeatStroke\Geometry\Frustum.h">
      <Filter>HeatStroke\Geometry</Filter>
    </ClInclude>
    <ClInclude Include="..\..\HeatStroke\Geometry\Plane.h">
      <Filter>HeatStroke\Geometry</Filter>
    </ClInclude>
    <ClInclude Include="..\..\HeatStroke\Geometry\Sphere.h">
      <Filter>HeatStroke\Geometry</Filter>
    </ClInclude>
    <ClInclude Include="..\..\HeatStroke\GOComponents\GameObject.h">
      <Filter>HeatStroke\GO/Components</Filter>
    </ClInclude>
    <ClInclude Include="..\..\HeatStroke\GOComponents\Components\Component.h">
      <Filter>HeatStroke\GO/Components\Components</Filter>
    </ClInclude>
    <ClInclude Include="..\..\HeatStroke\GOComponents\Components\ComponentPointLight.h">
      <Filter>HeatStroke\GO/Components\Components</Filter>
    </ClInclude>
    <ClInclude Include="..\..\HeatStroke\GOComponents\Components\ComponentRenderable.h">
      <Filter>HeatStroke\GO/Components\Components</Filter>
    </ClInclude>
    <ClInclude Include="..\..\HeatStroke\Graphics\Buffer\Buffer.h">
      <Filter>HeatStroke\Graphics\Buffer</Filter>
    </ClInclude>
    <ClInclude Include="..\..\HeatStroke\Graphics\Buffer\BufferManager.h">
      <Filter>HeatStroke\Graphics\Buffer</Filter>
    </ClInclude>
    <ClInclude Include="..\..\HeatStroke\Graphics\Buffer\IndexBuffer.h">
      <Filter>HeatStroke\Graphics\Buffer</Filter>
    </ClInclude>
    <ClInclude Include="..\..\HeatStroke\Graphics\Buffer\VertexBuffer.h">
      <Filter>HeatStroke\Graphics\Buffer</Filter>
    </ClInclude>
    <ClInclude Include="..\..\HeatStroke\Graphics\Buffer\VertexDeclaration.h">
      <Filter>HeatStroke\Graphics\Buffer</Filter>
    </ClInclude>
    <ClInclude Include="..\..\HeatStroke\Graphics\Material\Material.h">
      <Filter>HeatStroke\Graphics\Material</Filter>
    </ClInclude>
    <ClInclude Include="..\..\HeatStroke\Graphics\Material\MaterialManager.h">
      <Filter>HeatStroke\Graphics\Material</Filter>
    </ClInclude>
    <ClInclude Include="..\..\HeatStroke\Graphics\Texture\Texture.h">
      <Filter>HeatStroke\Graphics\Texture</Filter>
    </ClInclude>
    <ClInclude Include="..\..\HeatStroke\Graphics\Texture\TextureManager.h">
      <Filter>HeatStroke\Graphics\Texture</Filter>
    </ClInclude>
    <ClInclude Include="..\..\HeatStroke\Graphics\Renderable\Renderable.h">
      <Filter>HeatStroke\Graphics\Renderable</Filter>
    </ClInclude>
    <ClInclude Include="..\..\HeatStroke\Graphics\Program\Program.h">
      <Filter>HeatStroke\Graphics\Program</Filter>
    </ClInclude>
    <ClInclude Include="..\..\HeatStroke\Graphics\Program\ProgramManager.h">
      <Filter>HeatStroke\Graphics\Program</Filter>
    </ClInclude>
    <ClInclude Include="..\..\HeatStroke\Transform\HierarchicalTransform.h">
      <Filter>HeatStroke\Transform</Filter>
    </ClInclude>
    <ClInclude Include="..\..\HeatStroke\Transform\Transform.h">
      <Filter>HeatStroke\Transform</Filter>
    </ClInclude>
    <ClInclude Include="..\..\HeatStroke\StateMachine\State.h">
      <Filter>HeatStroke\StateMachine</Filter>
    </ClInclude>
    <ClInclude Include="..\..\HeatStroke\StateMachine\StateMachine.h">
      <Filter>HeatStroke\StateMachine</Filter>
    </ClInclude>
    <ClInclude Include="..\..\HeatStroke\Services\Events\Event.h">
      <Filter>HeatStroke\Services\Events</Filter>
    </ClInclude>
    <ClInclude Include="..\..\HeatStroke\Services\Events\EventManager.h">
      <Filter>HeatStroke\Services\Events</Filter>
    </ClInclude>
    <ClInclude Include="..\..\HeatStroke\Services\XML\EasyXML.h">
      <Filter>HeatStroke\Services\XML</Filter>
    </ClInclude>
    <ClInclude Include="..\..\HeatStroke\SceneManagement\SceneManager.h">
      <Filter>HeatStroke\SceneManagement</Filter>
    </ClInclude>
    <ClInclude Include="..\..\HeatStroke\SceneManagement\ScenePointLight.h">
      <Filter>HeatStroke\SceneManagement</Filter>
    </ClInclude>
    <ClInclude Include="..\..\HeatStroke\Services\OBJ\OBJFile.h">
      <Filter>HeatStroke\Services\OBJ</Filter>
    </ClInclude>
    <ClInclude Include="..\..\HeatStroke\Services\MTL\MTLFile.h">
      <Filter>HeatStroke\Services\MTL</Filter>
    </ClInclude>
    <ClInclude Include="..\..\HeatStroke\Common\Common.h">
      <Filter>HeatStroke\Common</Filter>
    </ClInclude>
    <ClInclude Include="Kartaclysm\KartGame.h">
      <Filter>Kartaclysm</Filter>
    </ClInclude>
    <ClInclude Include="Kartaclysm\Components\ComponentKartController.h">
      <Filter>Kartaclysm\Components</Filter>
    </ClInclude>
    <ClInclude Include="Kartaclysm\Components\ComponentCameraController.h">
      <Filter>Kartaclysm\Components</Filter>
    </ClInclude>
    <ClInclude Include="Kartaclysm\Components\ComponentTrack.h">
      <Filter>Kartaclysm\Components</Filter>
    </ClInclude>
    <ClInclude Include="..\..\HeatStroke\Graphics\GDebug\LineDrawer.h">
      <Filter>HeatStroke\Graphics\GDebug</Filter>
    </ClInclude>
    <ClInclude Include="Kartaclysm\StateMachine\Gameplay\GameplayState.h">
      <Filter>Kartaclysm\StateMachine\Gameplay</Filter>
    </ClInclude>
    <ClInclude Include="Kartaclysm\StateMachine\Gameplay\StateRacing.h">
      <Filter>Kartaclysm\StateMachine\Gameplay</Filter>
    </ClInclude>
    <ClInclude Include="Kartaclysm\Services\IO\InputActionMapping.h">
      <Filter>Kartaclysm\Services\IO</Filter>
    </ClInclude>
    <ClInclude Include="Kartaclysm\Services\IO\InputActions.h">
      <Filter>Kartaclysm\Services\IO</Filter>
    </ClInclude>
    <ClInclude Include="..\..\HeatStroke\GOComponents\Components\Component3DModel.h">
      <Filter>HeatStroke\GO/Components\Components</Filter>
    </ClInclude>
    <ClInclude Include="..\..\HeatStroke\SceneManagement\SceneDirectionalLight.h">
      <Filter>HeatStroke\SceneManagement</Filter>
    </ClInclude>
    <ClInclude Include="..\..\HeatStroke\SceneManagement\SceneAmbientLight.h">
      <Filter>HeatStroke\SceneManagement</Filter>
    </ClInclude>
    <ClInclude Include="..\..\HeatStroke\GOComponents\Components\ComponentAmbientLight.h">
      <Filter>HeatStroke\GO/Components\Components</Filter>
    </ClInclude>
    <ClInclude Include="..\..\HeatStroke\GOComponents\Components\ComponentDirectionalLight.h">
      <Filter>HeatStroke\GO/Components\Components</Filter>
    </ClInclude>
    <ClInclude Include="Kartaclysm\Services\IO\PlayerInputMapping.h">
      <Filter>Kartaclysm\Services\IO</Filter>
    </ClInclude>
    <ClInclude Include="..\..\HeatStroke\Services\IO\JoystickInputBuffer.h">
      <Filter>HeatStroke\Services\IO</Filter>
    </ClInclude>
    <ClInclude Include="..\..\HeatStroke\Common\Types.h">
      <Filter>HeatStroke\Common</Filter>
    </ClInclude>
    <ClInclude Include="..\..\HeatStroke\GOComponents\Components\ComponentSphereCollider.h">
      <Filter>HeatStroke\GO/Components\Components</Filter>
    </ClInclude>
    <ClInclude Include="..\..\HeatStroke\GOComponents\Components\ComponentWallCollider.h">
      <Filter>HeatStroke\GO/Components\Components</Filter>
    </ClInclude>
    <ClInclude Include="Kartaclysm\StateMachine\Gameplay\StatePaused.h">
      <Filter>Kartaclysm\StateMachine\Gameplay</Filter>
    </ClInclude>
    <ClInclude Include="..\..\HeatStroke\Services\Collisions\CollisionManager.h">
      <Filter>HeatStroke\Services\Collisions</Filter>
    </ClInclude>
    <ClInclude Include="..\..\HeatStroke\SceneManagement\ScenePerspectiveCamera.h">
      <Filter>HeatStroke\SceneManagement</Filter>
    </ClInclude>
    <ClInclude Include="..\..\HeatStroke\GOComponents\Components\ComponentPerspectiveCamera.h">
      <Filter>HeatStroke\GO/Components\Components</Filter>
    </ClInclude>
    <ClInclude Include="..\..\HeatStroke\SceneManagement\SceneCamera.h">
      <Filter>HeatStroke\SceneManagement</Filter>
    </ClInclude>
    <ClInclude Include="..\..\HeatStroke\SceneManagement\SceneOrthographicCamera.h">
      <Filter>HeatStroke\SceneManagement</Filter>
    </ClInclude>
    <ClInclude Include="..\..\HeatStroke\GOComponents\Components\ComponentSprite.h">
      <Filter>HeatStroke\GO/Components\Components</Filter>
    </ClInclude>
    <ClInclude Include="..\..\HeatStroke\GOComponents\Components\ComponentOrthographicCamera.h">
      <Filter>HeatStroke\GO/Components\Components</Filter>
    </ClInclude>
    <ClInclude Include="Kartaclysm\Components\Abilities\ComponentAbility.h">
      <Filter>Kartaclysm\Components\Abilities</Filter>
    </ClInclude>
    <ClInclude Include="Kartaclysm\Components\Abilities\ComponentAbilityConditions.h">
      <Filter>Kartaclysm\Components\Abilities</Filter>
    </ClInclude>
    <ClInclude Include="..\..\HeatStroke\Graphics\Renderable\TextBox.h">
      <Filter>HeatStroke\Graphics\Renderable</Filter>
    </ClInclude>
    <ClInclude Include="..\..\HeatStroke\Graphics\Font\Font.h">
      <Filter>HeatStroke\Graphics\Font</Filter>
    </ClInclude>
    <ClInclude Include="..\..\HeatStroke\GOComponents\Components\ComponentTextbox.h">
      <Filter>HeatStroke\GO/Components\Components</Filter>
    </ClInclude>
    <ClInclude Include="Kartaclysm\Components\HUD\ComponentHudAbility.h">
      <Filter>Kartaclysm\Components\HUD</Filter>
    </ClInclude>
    <ClInclude Include="Kartaclysm\Components\HUD\ComponentHudRaceTimer.h">
      <Filter>Kartaclysm\Components\HUD</Filter>
    </ClInclude>
    <ClInclude Include="Kartaclysm\Components\HUD\ComponentHudPosition.h">
      <Filter>Kartaclysm\Components\HUD</Filter>
    </ClInclude>
    <ClInclude Include="Kartaclysm\Components\HUD\ComponentHudLapCount.h">
      <Filter>Kartaclysm\Components\HUD</Filter>
    </ClInclude>
    <ClInclude Include="Kartaclysm\Components\HUD\ComponentHudFps.h">
      <Filter>Kartaclysm\Components\HUD</Filter>
    </ClInclude>
    <ClInclude Include="Kartaclysm\Components\HUD\ComponentHudPopup.h">
      <Filter>Kartaclysm\Components\HUD</Filter>
    </ClInclude>
    <ClInclude Include="Kartaclysm\Components\ComponentTrackPiece.h">
      <Filter>Kartaclysm\Components</Filter>
    </ClInclude>
    <ClInclude Include="Kartaclysm\Components\Abilities\ComponentBoostAbility.h">
      <Filter>Kartaclysm\Components\Abilities</Filter>
    </ClInclude>
    <ClInclude Include="Kartaclysm\Components\Abilities\ComponentWheelieAbility.h">
      <Filter>Kartaclysm\Components\Abilities</Filter>
    </ClInclude>
    <ClInclude Include="Kartaclysm\Components\Abilities\ComponentArmorPlateAbility.h">
      <Filter>Kartaclysm\Components\Abilities</Filter>
    </ClInclude>
    <ClInclude Include="Kartaclysm\Components\Abilities\ComponentMaintainAbility.h">
      <Filter>Kartaclysm\Components\Abilities</Filter>
    </ClInclude>
    <ClInclude Include="Kartaclysm\Components\ComponentRacer.h">
      <Filter>Kartaclysm\Components</Filter>
    </ClInclude>
    <ClInclude Include="Kartaclysm\Components\Abilities\ComponentAbilityIcon.h">
      <Filter>Kartaclysm\Components\Abilities</Filter>
    </ClInclude>
    <ClInclude Include="Kartaclysm\Components\Abilities\ComponentStrikeAbility.h">
      <Filter>Kartaclysm\Components\Abilities</Filter>
    </ClInclude>
    <ClInclude Include="Kartaclysm\Components\ComponentProjectile.h">
      <Filter>Kartaclysm\Components</Filter>
    </ClInclude>
    <ClInclude Include="Kartaclysm\Components\Abilities\ComponentTurkeyAbility.h">
      <Filter>Kartaclysm\Components\Abilities</Filter>
    </ClInclude>
    <ClInclude Include="Kartaclysm\Components\ComponentSimplePhysics.h">
      <Filter>Kartaclysm\Components</Filter>
    </ClInclude>
    <ClInclude Include="Kartaclysm\Components\ComponentSelfDestruct.h">
      <Filter>Kartaclysm\Components</Filter>
    </ClInclude>
    <ClInclude Include="Kartaclysm\StateMachine\Gameplay\StateMainMenu.h">
      <Filter>Kartaclysm\StateMachine\Gameplay</Filter>
    </ClInclude>
    <ClInclude Include="Kartaclysm\StateMachine\Gameplay\StatePlayerSelectionMenu.h">
      <Filter>Kartaclysm\StateMachine\Gameplay</Filter>
    </ClInclude>
    <ClInclude Include="Kartaclysm\StateMachine\Gameplay\StateTrackSelectionMenu.h">
      <Filter>Kartaclysm\StateMachine\Gameplay</Filter>
    </ClInclude>
    <ClInclude Include="Kartaclysm\StateMachine\Gameplay\StateRaceCompleteMenu.h">
      <Filter>Kartaclysm\StateMachine\Gameplay</Filter>
    </ClInclude>
    <ClInclude Include="..\..\HeatStroke\Graphics\Renderable\ModelInstance.h">
      <Filter>HeatStroke\Graphics\Renderable</Filter>
    </ClInclude>
    <ClInclude Include="..\..\HeatStroke\Graphics\Mesh\Mesh.h">
      <Filter>HeatStroke\Graphics\Mesh</Filter>
    </ClInclude>
    <ClInclude Include="..\..\HeatStroke\Graphics\Model\Model.h">
      <Filter>HeatStroke\Graphics\Model</Filter>
    </ClInclude>
    <ClInclude Include="..\..\HeatStroke\Graphics\Model\ModelManager.h">
      <Filter>HeatStroke\Graphics\Model</Filter>
    </ClInclude>
    <ClInclude Include="..\..\HeatStroke\Graphics\Font\FontManager.h">
      <Filter>HeatStroke\Graphics\Font</Filter>
    </ClInclude>
    <ClInclude Include="..\..\HeatStroke\Graphics\Sprite\Sprite.h">
      <Filter>HeatStroke\Graphics\Sprite</Filter>
    </ClInclude>
    <ClInclude Include="..\..\HeatStroke\Graphics\Sprite\SpriteManager.h">
      <Filter>HeatStroke\Graphics\Sprite</Filter>
    </ClInclude>
    <ClInclude Include="..\..\HeatStroke\Graphics\Renderable\SpriteInstance.h">
      <Filter>HeatStroke\Graphics\Renderable</Filter>
    </ClInclude>
    <ClInclude Include="..\..\HeatStroke\GOComponents\GameObjectManager.h">
      <Filter>HeatStroke\GO/Components</Filter>
    </ClInclude>
    <ClInclude Include="..\..\HeatStroke\GOComponents\Components\ComponentCollider.h">
      <Filter>HeatStroke\GO/Components\Components</Filter>
    </ClInclude>
    <ClInclude Include="Kartaclysm\Components\Abilities\ComponentBedazzleAbility.h">
      <Filter>Kartaclysm\Components\Abilities</Filter>
    </ClInclude>
    <ClInclude Include="Kartaclysm\Components\Abilities\ComponentRainAbility.h">
      <Filter>Kartaclysm\Components\Abilities</Filter>
    </ClInclude>
    <ClInclude Include="Kartaclysm\Components\Abilities\ComponentClockAbility.h">
      <Filter>Kartaclysm\Components\Abilities</Filter>
    </ClInclude>
    <ClInclude Include="Kartaclysm\Components\Abilities\ComponentTinkerAbility.h">
      <Filter>Kartaclysm\Components\Abilities</Filter>
    </ClInclude>
    <ClInclude Include="..\..\HeatStroke\AudioPlayer\AudioPlayer.h">
      <Filter>HeatStroke\Services\AudioPlayer</Filter>
    </ClInclude>
    <ClInclude Include="Kartaclysm\StateMachine\Gameplay\StateCountdown.h">
      <Filter>Kartaclysm\StateMachine\Gameplay</Filter>
    </ClInclude>
    <ClInclude Include="Kartaclysm\Components\HUD\ComponentHudCountdown.h">
      <Filter>Kartaclysm\Components\HUD</Filter>
    </ClInclude>
  </ItemGroup>
  <ItemGroup>
    <Xml Include="Kartaclysm\Data\Tracks\noob_zone.xml">
      <Filter>Kartaclysm\Data\Tracks</Filter>
    </Xml>
    <Xml Include="Kartaclysm\Data\Tracks\shift_rift.xml">
      <Filter>Kartaclysm\Data\Tracks</Filter>
    </Xml>
    <Xml Include="Kartaclysm\Data\Tracks\test_track.xml">
      <Filter>Kartaclysm\Data\Tracks</Filter>
    </Xml>
    <Xml Include="Kartaclysm\Data\Tracks\track_finish.xml">
      <Filter>Kartaclysm\Data\Tracks</Filter>
    </Xml>
    <Xml Include="Kartaclysm\Data\Tracks\track_straight.xml">
      <Filter>Kartaclysm\Data\Tracks</Filter>
    </Xml>
    <Xml Include="Kartaclysm\Data\Tracks\track_turn_left_large.xml">
      <Filter>Kartaclysm\Data\Tracks</Filter>
    </Xml>
    <Xml Include="Kartaclysm\Data\Tracks\track_turn_left_small.xml">
      <Filter>Kartaclysm\Data\Tracks</Filter>
    </Xml>
    <Xml Include="Kartaclysm\Data\Tracks\track_turn_right_small.xml">
      <Filter>Kartaclysm\Data\Tracks</Filter>
    </Xml>
    <Xml Include="Kartaclysm\Data\Abilities\kart_speedster_boost.xml">
      <Filter>Kartaclysm\Data\Abilities</Filter>
    </Xml>
    <Xml Include="Kartaclysm\Data\UserConfig\ControlBindings.xml">
      <Filter>Kartaclysm\Data\UserConfig</Filter>
    </Xml>
    <Xml Include="Kartaclysm\Data\Tracks\track_ramp_down_flat.xml">
      <Filter>Kartaclysm\Data\Tracks</Filter>
    </Xml>
    <Xml Include="Kartaclysm\Data\Tracks\track_ramp_flat_down.xml">
      <Filter>Kartaclysm\Data\Tracks</Filter>
    </Xml>
    <Xml Include="Kartaclysm\Data\Tracks\track_ramp_flat_up.xml">
      <Filter>Kartaclysm\Data\Tracks</Filter>
    </Xml>
    <Xml Include="Kartaclysm\Data\Tracks\track_ramp_up_flat.xml">
      <Filter>Kartaclysm\Data\Tracks</Filter>
    </Xml>
    <Xml Include="Kartaclysm\Data\Abilities\kart_showoff_wheelie.xml">
      <Filter>Kartaclysm\Data\Abilities</Filter>
    </Xml>
    <Xml Include="Kartaclysm\Data\Abilities\kart_juggernaut_armor.xml">
      <Filter>Kartaclysm\Data\Abilities</Filter>
    </Xml>
    <Xml Include="Kartaclysm\Data\Abilities\kart_juggernaut_maintain.xml">
      <Filter>Kartaclysm\Data\Abilities</Filter>
    </Xml>
    <Xml Include="Kartaclysm\Data\Racer\kart_speedster.xml">
      <Filter>Kartaclysm\Data\Racer</Filter>
    </Xml>
    <Xml Include="Kartaclysm\Data\Racer\kart_juggernaut.xml">
      <Filter>Kartaclysm\Data\Racer</Filter>
    </Xml>
    <Xml Include="Kartaclysm\Data\Racer\kart_showoff.xml">
      <Filter>Kartaclysm\Data\Racer</Filter>
    </Xml>
    <Xml Include="Kartaclysm\Data\Abilities\driver_kingpin_strike.xml">
      <Filter>Kartaclysm\Data\Abilities</Filter>
    </Xml>
    <Xml Include="Kartaclysm\Data\Abilities\projectile_strike.xml">
      <Filter>Kartaclysm\Data\Abilities</Filter>
    </Xml>
    <Xml Include="Kartaclysm\Data\Abilities\driver_kingpin_turkey.xml">
      <Filter>Kartaclysm\Data\Abilities</Filter>
    </Xml>
    <Xml Include="Kartaclysm\Data\Racer\driver_kingpin.xml">
      <Filter>Kartaclysm\Data\Racer</Filter>
    </Xml>
    <Xml Include="Kartaclysm\Data\Abilities\driver_cleopapa_bedazzle.xml">
      <Filter>Kartaclysm\Data\Abilities</Filter>
    </Xml>
    <Xml Include="Kartaclysm\Data\Abilities\driver_cleopapa_rain.xml">
      <Filter>Kartaclysm\Data\Abilities</Filter>
    </Xml>
    <Xml Include="Kartaclysm\Data\Racer\driver_cleopapa.xml">
      <Filter>Kartaclysm\Data\Racer</Filter>
    </Xml>
    <Xml Include="Kartaclysm\Data\Tracks\track_jump.xml">
      <Filter>Kartaclysm\Data\Tracks</Filter>
    </Xml>
    <Xml Include="Kartaclysm\Data\Tracks\track_turn_right_large.xml">
      <Filter>Kartaclysm\Data\Tracks</Filter>
    </Xml>
    <Xml Include="Kartaclysm\Data\Tracks\up_and_over.xml">
      <Filter>Kartaclysm\Data\Tracks</Filter>
    </Xml>
    <Xml Include="Kartaclysm\Data\Camera\camera_bottom.xml">
      <Filter>Kartaclysm\Data\Camera</Filter>
    </Xml>
    <Xml Include="Kartaclysm\Data\Camera\camera_bottom_left.xml">
      <Filter>Kartaclysm\Data\Camera</Filter>
    </Xml>
    <Xml Include="Kartaclysm\Data\Camera\camera_bottom_right.xml">
      <Filter>Kartaclysm\Data\Camera</Filter>
    </Xml>
    <Xml Include="Kartaclysm\Data\Camera\camera_full.xml">
      <Filter>Kartaclysm\Data\Camera</Filter>
    </Xml>
    <Xml Include="Kartaclysm\Data\Camera\camera_top.xml">
      <Filter>Kartaclysm\Data\Camera</Filter>
    </Xml>
    <Xml Include="Kartaclysm\Data\Camera\camera_top_left.xml">
      <Filter>Kartaclysm\Data\Camera</Filter>
    </Xml>
    <Xml Include="Kartaclysm\Data\Camera\camera_top_right.xml">
      <Filter>Kartaclysm\Data\Camera</Filter>
    </Xml>
    <Xml Include="Kartaclysm\Data\Walls\wall.xml">
      <Filter>Kartaclysm\Data\Walls</Filter>
    </Xml>
    <Xml Include="Kartaclysm\Data\Walls\wall_eastwest.xml">
      <Filter>Kartaclysm\Data\Walls</Filter>
    </Xml>
    <Xml Include="Kartaclysm\Data\Walls\wall_northsouth.xml">
      <Filter>Kartaclysm\Data\Walls</Filter>
    </Xml>
    <Xml Include="Kartaclysm\Data\Racer\racer.xml">
      <Filter>Kartaclysm\Data\Racer</Filter>
    </Xml>
    <Xml Include="Kartaclysm\Data\Racer\hud.xml">
      <Filter>Kartaclysm\Data\Racer</Filter>
    </Xml>
    <Xml Include="Kartaclysm\Data\Lights\blue_point_light.xml">
      <Filter>Kartaclysm\Data\Lights</Filter>
    </Xml>
    <Xml Include="Kartaclysm\Data\Lights\light.xml">
      <Filter>Kartaclysm\Data\Lights</Filter>
    </Xml>
    <Xml Include="Kartaclysm\Data\Lights\red_point_light.xml">
      <Filter>Kartaclysm\Data\Lights</Filter>
    </Xml>
    <Xml Include="Kartaclysm\Data\DevConfig\Preload.xml">
      <Filter>Kartaclysm\Data\DevConfig</Filter>
    </Xml>
    <Xml Include="Kartaclysm\Data\Walls\wall_northsouth_jumpstart.xml">
      <Filter>Kartaclysm\Data\Walls</Filter>
    </Xml>
    <Xml Include="Kartaclysm\Data\Walls\wall_northsouth_jumpend.xml">
      <Filter>Kartaclysm\Data\Walls</Filter>
    </Xml>
    <Xml Include="Kartaclysm\Data\Tracks\track_straight_underjump.xml">
      <Filter>Kartaclysm\Data\Tracks</Filter>
    </Xml>
    <Xml Include="Kartaclysm\Data\Abilities\blast_bedazzle.xml">
      <Filter>Kartaclysm\Data\Abilities</Filter>
    </Xml>
    <Xml Include="Kartaclysm\Data\Abilities\driver_clockmaker_clock.xml">
      <Filter>Kartaclysm\Data\Abilities</Filter>
    </Xml>
    <Xml Include="Kartaclysm\Data\Abilities\driver_clockmaker_tinker.xml">
      <Filter>Kartaclysm\Data\Abilities</Filter>
    </Xml>
    <Xml Include="Kartaclysm\Data\Racer\driver_clockmaker.xml">
      <Filter>Kartaclysm\Data\Racer</Filter>
    </Xml>
    <Xml Include="Kartaclysm\Data\Abilities\blast_clock.xml">
      <Filter>Kartaclysm\Data\Abilities</Filter>
    </Xml>
    <Xml Include="Kartaclysm\Data\Abilities\projectile_clock.xml">
      <Filter>Kartaclysm\Data\Abilities</Filter>
    </Xml>
  </ItemGroup>
</Project>